
Microsoft Visual Studio Solution File, Format Version 12.00
# Visual Studio Version 17
VisualStudioVersion = 17.7.34024.191
MinimumVisualStudioVersion = 10.0.40219.1
Project("{FAE04EC0-301F-11D3-BF4B-00C04F79EFBC}") = "Latihan class dan objek", "class dan objek\Latihan class dan objek.csproj", "{7FD466F2-D283-4691-8746-F4F413CB97DC}"
EndProject
Global
	GlobalSection(SolutionConfigurationPlatforms) = preSolution
		Debug|Any CPU = Debug|Any CPU
		Release|Any CPU = Release|Any CPU
	EndGlobalSection
	GlobalSection(ProjectConfigurationPlatforms) = postSolution
		{7FD466F2-D283-4691-8746-F4F413CB97DC}.Debug|Any CPU.ActiveCfg = Debug|Any CPU
		{7FD466F2-D283-4691-8746-F4F413CB97DC}.Debug|Any CPU.Build.0 = Debug|Any CPU
		{7FD466F2-D283-4691-8746-F4F413CB97DC}.Release|Any CPU.ActiveCfg = Release|Any CPU
		{7FD466F2-D283-4691-8746-F4F413CB97DC}.Release|Any CPU.Build.0 = Release|Any CPU
	EndGlobalSection
	GlobalSection(SolutionProperties) = preSolution
		HideSolutionNode = FALSE
	EndGlobalSection
	GlobalSection(ExtensibilityGlobals) = postSolution
		SolutionGuid = {404AC3B8-B20F-472C-9BF6-FB5C8C3E05E7}
	EndGlobalSection
EndGlobal
